
Microsoft Visual Studio Solution File, Format Version 12.00
# Visual Studio Version 16
VisualStudioVersion = 16.0.30320.27
MinimumVisualStudioVersion = 10.0.40219.1
Project("{FAE04EC0-301F-11D3-BF4B-00C04F79EFBC}") = "cotacaodolar", "cotacaodolar\cotacaodolar.csproj", "{F3AEC7FD-2121-4154-B3F5-D43C16B5FF39}"
EndProject
Global
	GlobalSection(SolutionConfigurationPlatforms) = preSolution
		Debug|Any CPU = Debug|Any CPU
		Release|Any CPU = Release|Any CPU
	EndGlobalSection
	GlobalSection(ProjectConfigurationPlatforms) = postSolution
		{F3AEC7FD-2121-4154-B3F5-D43C16B5FF39}.Debug|Any CPU.ActiveCfg = Debug|Any CPU
		{F3AEC7FD-2121-4154-B3F5-D43C16B5FF39}.Debug|Any CPU.Build.0 = Debug|Any CPU
		{F3AEC7FD-2121-4154-B3F5-D43C16B5FF39}.Release|Any CPU.ActiveCfg = Release|Any CPU
		{F3AEC7FD-2121-4154-B3F5-D43C16B5FF39}.Release|Any CPU.Build.0 = Release|Any CPU
	EndGlobalSection
	GlobalSection(SolutionProperties) = preSolution
		HideSolutionNode = FALSE
	EndGlobalSection
	GlobalSection(ExtensibilityGlobals) = postSolution
		SolutionGuid = {01221A10-84B2-42C0-AF48-C5FCF6AE71D0}
	EndGlobalSection
EndGlobal
